
Microsoft Visual Studio Solution File, Format Version 12.00
# Visual Studio 15
VisualStudioVersion = 15.0.27703.2047
MinimumVisualStudioVersion = 10.0.40219.1
Project("{FAE04EC0-301F-11D3-BF4B-00C04F79EFBC}") = "BkndHatch", "BkndHatch\BkndHatch.csproj", "{612BD02F-5BE6-40EF-8D58-B3F29257B373}"
EndProject
Global
	GlobalSection(SolutionConfigurationPlatforms) = preSolution
		Debug|Any CPU = Debug|Any CPU
		Release|Any CPU = Release|Any CPU
	EndGlobalSection
	GlobalSection(ProjectConfigurationPlatforms) = postSolution
		{612BD02F-5BE6-40EF-8D58-B3F29257B373}.Debug|Any CPU.ActiveCfg = Debug|Any CPU
		{612BD02F-5BE6-40EF-8D58-B3F29257B373}.Debug|Any CPU.Build.0 = Debug|Any CPU
		{612BD02F-5BE6-40EF-8D58-B3F29257B373}.Release|Any CPU.ActiveCfg = Release|Any CPU
		{612BD02F-5BE6-40EF-8D58-B3F29257B373}.Release|Any CPU.Build.0 = Release|Any CPU
	EndGlobalSection
	GlobalSection(SolutionProperties) = preSolution
		HideSolutionNode = FALSE
	EndGlobalSection
	GlobalSection(ExtensibilityGlobals) = postSolution
		SolutionGuid = {4DE2C6D1-9F4A-44D4-954A-C9D14026C135}
	EndGlobalSection
EndGlobal
